
Microsoft Visual Studio Solution File, Format Version 12.00
# Visual Studio Version 17
VisualStudioVersion = 17.8.34408.163
MinimumVisualStudioVersion = 10.0.40219.1
Project("{FAE04EC0-301F-11D3-BF4B-00C04F79EFBC}") = "IScaryClown", "IScaryClown.csproj", "{87239446-FC67-43FE-AE4B-FC185956A052}"
EndProject
Global
	GlobalSection(SolutionConfigurationPlatforms) = preSolution
		Debug|Any CPU = Debug|Any CPU
		Release|Any CPU = Release|Any CPU
	EndGlobalSection
	GlobalSection(ProjectConfigurationPlatforms) = postSolution
		{87239446-FC67-43FE-AE4B-FC185956A052}.Debug|Any CPU.ActiveCfg = Debug|Any CPU
		{87239446-FC67-43FE-AE4B-FC185956A052}.Debug|Any CPU.Build.0 = Debug|Any CPU
		{87239446-FC67-43FE-AE4B-FC185956A052}.Release|Any CPU.ActiveCfg = Release|Any CPU
		{87239446-FC67-43FE-AE4B-FC185956A052}.Release|Any CPU.Build.0 = Release|Any CPU
	EndGlobalSection
	GlobalSection(SolutionProperties) = preSolution
		HideSolutionNode = FALSE
	EndGlobalSection
	GlobalSection(ExtensibilityGlobals) = postSolution
		SolutionGuid = {EA7E54D8-9AFC-44DC-AD43-5FBB7B2E4259}
	EndGlobalSection
EndGlobal
